// !$*UTF8*$!
{
	archiveVersion = 1;
	classes = {
	};
	objectVersion = 46;
	objects = {

/* Begin PBXBuildFile section */
		CD02173F1DFBB92800943EAA /* Arcs3View.h in Headers */ = {isa = PBXBuildFile; fileRef = CD02173E1DFBB92800943EAA /* Arcs3View.h */; };
		CD0217411DFBB92800943EAA /* Arcs3View.m in Sources */ = {isa = PBXBuildFile; fileRef = CD0217401DFBB92800943EAA /* Arcs3View.m */; };
/* End PBXBuildFile section */

/* Begin PBXFileReference section */
		CD02173B1DFBB92800943EAA /* Arcs3.saver */ = {isa = PBXFileReference; explicitFileType = wrapper.cfbundle; includeInIndex = 0; path = Arcs3.saver; sourceTree = BUILT_PRODUCTS_DIR; };
		CD02173E1DFBB92800943EAA /* Arcs3View.h */ = {isa = PBXFileReference; lastKnownFileType = sourcecode.c.h; path = Arcs3View.h; sourceTree = "<group>"; };
		CD0217401DFBB92800943EAA /* Arcs3View.m */ = {isa = PBXFileReference; lastKnownFileType = sourcecode.c.objc; path = Arcs3View.m; sourceTree = "<group>"; };
		CD0217421DFBB92800943EAA /* Info.plist */ = {isa = PBXFileReference; lastKnownFileType = text.plist.xml; path = Info.plist; sourceTree = "<group>"; };
/* End PBXFileReference section */

/* Begin PBXFrameworksBuildPhase section */
		CD0217371DFBB92800943EAA /* Frameworks */ = {
			isa = PBXFrameworksBuildPhase;
			buildActionMask = 2147483647;
			files = (
			);
			runOnlyForDeploymentPostprocessing = 0;
		};
/* End PBXFrameworksBuildPhase section */

/* Begin PBXGroup section */
		CD0217311DFBB92800943EAA = {
			isa = PBXGroup;
			children = (
				CD02173D1DFBB92800943EAA /* Arcs3 */,
				CD02173C1DFBB92800943EAA /* Products */,
			);
			sourceTree = "<group>";
		};
		CD02173C1DFBB92800943EAA /* Products */ = {
			isa = PBXGroup;
			children = (
				CD02173B1DFBB92800943EAA /* Arcs3.saver */,
			);
			name = Products;
			sourceTree = "<group>";
		};
		CD02173D1DFBB92800943EAA /* Arcs3 */ = {
			isa = PBXGroup;
			children = (
				CD02173E1DFBB92800943EAA /* Arcs3View.h */,
				CD0217401DFBB92800943EAA /* Arcs3View.m */,
				CD0217421DFBB92800943EAA /* Info.plist */,
			);
			path = Arcs3;
			sourceTree = "<group>";
		};
/* End PBXGroup section */

/* Begin PBXHeadersBuildPhase section */
		CD0217381DFBB92800943EAA /* Headers */ = {
			isa = PBXHeadersBuildPhase;
			buildActionMask = 2147483647;
			files = (
				CD02173F1DFBB92800943EAA /* Arcs3View.h in Headers */,
			);
			runOnlyForDeploymentPostprocessing = 0;
		};
/* End PBXHeadersBuildPhase section */

/* Begin PBXNativeTarget section */
		CD02173A1DFBB92800943EAA /* Arcs3 */ = {
			isa = PBXNativeTarget;
			buildConfigurationList = CD0217451DFBB92800943EAA /* Build configuration list for PBXNativeTarget "Arcs3" */;
			buildPhases = (
				CD0217361DFBB92800943EAA /* Sources */,
				CD0217371DFBB92800943EAA /* Frameworks */,
				CD0217381DFBB92800943EAA /* Headers */,
				CD0217391DFBB92800943EAA /* Resources */,
			);
			buildRules = (
			);
			dependencies = (
			);
			name = Arcs3;
			productName = Arcs3;
			productReference = CD02173B1DFBB92800943EAA /* Arcs3.saver */;
			productType = "com.apple.product-type.bundle";
		};
/* End PBXNativeTarget section */

/* Begin PBXProject section */
		CD0217321DFBB92800943EAA /* Project object */ = {
			isa = PBXProject;
			attributes = {
				LastUpgradeCheck = 0810;
				ORGANIZATIONNAME = "Rex Fernando";
				TargetAttributes = {
					CD02173A1DFBB92800943EAA = {
						CreatedOnToolsVersion = 8.1;
						DevelopmentTeam = 952HXL3PEW;
						ProvisioningStyle = Automatic;
					};
				};
			};
			buildConfigurationList = CD0217351DFBB92800943EAA /* Build configuration list for PBXProject "Arcs3" */;
			compatibilityVersion = "Xcode 3.2";
			developmentRegion = English;
			hasScannedForEncodings = 0;
			knownRegions = (
				en,
			);
			mainGroup = CD0217311DFBB92800943EAA;
			productRefGroup = CD02173C1DFBB92800943EAA /* Products */;
			projectDirPath = "";
			projectRoot = "";
			targets = (
				CD02173A1DFBB92800943EAA /* Arcs3 */,
			);
		};
/* End PBXProject section */

/* Begin PBXResourcesBuildPhase section */
		CD0217391DFBB92800943EAA /* Resources */ = {
			isa = PBXResourcesBuildPhase;
			buildActionMask = 2147483647;
			files = (
			);
			runOnlyForDeploymentPostprocessing = 0;
		};
/* End PBXResourcesBuildPhase section */

/* Begin PBXSourcesBuildPhase section */
		CD0217361DFBB92800943EAA /* Sources */ = {
			isa = PBXSourcesBuildPhase;
			buildActionMask = 2147483647;
			files = (
				CD0217411DFBB92800943EAA /* Arcs3View.m in Sources */,
			);
			runOnlyForDeploymentPostprocessing = 0;
		};
/* End PBXSourcesBuildPhase section */

/* Begin XCBuildConfiguration section */
		CD0217431DFBB92800943EAA /* Debug */ = {
			isa = XCBuildConfiguration;
			buildSettings = {
				ALWAYS_SEARCH_USER_PATHS = NO;
				CLANG_ANALYZER_NONNULL = YES;
				CLANG_CXX_LANGUAGE_STANDARD = "gnu++0x";
				CLANG_CXX_LIBRARY = "libc++";
				CLANG_ENABLE_MODULES = YES;
				CLANG_ENABLE_OBJC_ARC = YES;
				CLANG_WARN_BOOL_CONVERSION = YES;
				CLANG_WARN_CONSTANT_CONVERSION = YES;
				CLANG_WARN_DIRECT_OBJC_ISA_USAGE = YES_ERROR;
				CLANG_WARN_DOCUMENTATION_COMMENTS = YES;
				CLANG_WARN_EMPTY_BODY = YES;
				CLANG_WARN_ENUM_CONVERSION = YES;
				CLANG_WARN_INFINITE_RECURSION = YES;
				CLANG_WARN_INT_CONVERSION = YES;
				CLANG_WARN_OBJC_ROOT_CLASS = YES_ERROR;
				CLANG_WARN_SUSPICIOUS_MOVES = YES;
				CLANG_WARN_UNREACHABLE_CODE = YES;
				CLANG_WARN__DUPLICATE_METHOD_MATCH = YES;
				CODE_SIGN_IDENTITY = "-";
				COPY_PHASE_STRIP = NO;
				DEBUG_INFORMATION_FORMAT = dwarf;
				ENABLE_STRICT_OBJC_MSGSEND = YES;
				ENABLE_TESTABILITY = YES;
				GCC_C_LANGUAGE_STANDARD = gnu99;
				GCC_DYNAMIC_NO_PIC = NO;
				GCC_NO_COMMON_BLOCKS = YES;
				GCC_OPTIMIZATION_LEVEL = 0;
				GCC_PREPROCESSOR_DEFINITIONS = (
					"DEBUG=1",
					"$(inherited)",
				);
				GCC_WARN_64_TO_32_BIT_CONVERSION = YES;
				GCC_WARN_ABOUT_RETURN_TYPE = YES_ERROR;
				GCC_WARN_UNDECLARED_SELECTOR = YES;
				GCC_WARN_UNINITIALIZED_AUTOS = YES_AGGRESSIVE;
				GCC_WARN_UNUSED_FUNCTION = YES;
				GCC_WARN_UNUSED_VARIABLE = YES;
				MACOSX_DEPLOYMENT_TARGET = 10.12;
				MTL_ENABLE_DEBUG_INFO = YES;
				ONLY_ACTIVE_ARCH = YES;
				SDKROOT = macosx;
			};
			name = Debug;
		};
		CD0217441DFBB92800943EAA /* Release */ = {
			isa = XCBuildConfiguration;
			buildSettings = {
				ALWAYS_SEARCH_USER_PATHS = NO;
				CLANG_ANALYZER_NONNULL = YES;
				CLANG_CXX_LANGUAGE_STANDARD = "gnu++0x";
				CLANG_CXX_LIBRARY = "libc++";
				CLANG_ENABLE_MODULES = YES;
				CLANG_ENABLE_OBJC_ARC = YES;
				CLANG_WARN_BOOL_CONVERSION = YES;
				CLANG_WARN_CONSTANT_CONVERSION = YES;
				CLANG_WARN_DIRECT_OBJC_ISA_USAGE = YES_ERROR;
				CLANG_WARN_DOCUMENTATION_COMMENTS = YES;
				CLANG_WARN_EMPTY_BODY = YES;
				CLANG_WARN_ENUM_CONVERSION = YES;
				CLANG_WARN_INFINITE_RECURSION = YES;
				CLANG_WARN_INT_CONVERSION = YES;
				CLANG_WARN_OBJC_ROOT_CLASS = YES_ERROR;
				CLANG_WARN_SUSPICIOUS_MOVES = YES;
				CLANG_WARN_UNREACHABLE_CODE = YES;
				CLANG_WARN__DUPLICATE_METHOD_MATCH = YES;
				CODE_SIGN_IDENTITY = "-";
				COPY_PHASE_STRIP = NO;
				DEBUG_INFORMATION_FORMAT = "dwarf-with-dsym";
				ENABLE_NS_ASSERTIONS = NO;
				ENABLE_STRICT_OBJC_MSGSEND = YES;
				GCC_C_LANGUAGE_STANDARD = gnu99;
				GCC_NO_COMMON_BLOCKS = YES;
				GCC_WARN_64_TO_32_BIT_CONVERSION = YES;
				GCC_WARN_ABOUT_RETURN_TYPE = YES_ERROR;
				GCC_WARN_UNDECLARED_SELECTOR = YES;
				GCC_WARN_UNINITIALIZED_AUTOS = YES_AGGRESSIVE;
				GCC_WARN_UNUSED_FUNCTION = YES;
				GCC_WARN_UNUSED_VARIABLE = YES;
				MACOSX_DEPLOYMENT_TARGET = 10.12;
				MTL_ENABLE_DEBUG_INFO = NO;
				SDKROOT = macosx;
			};
			name = Release;
		};
		CD0217461DFBB92800943EAA /* Debug */ = {
			isa = XCBuildConfiguration;
			buildSettings = {
				COMBINE_HIDPI_IMAGES = YES;
				DEVELOPMENT_TEAM = 952HXL3PEW;
				INFOPLIST_FILE = Arcs3/Info.plist;
				INSTALL_PATH = "$(HOME)/Library/Screen Savers";
				PRODUCT_BUNDLE_IDENTIFIER = rexfernando.Arcs3;
				PRODUCT_NAME = "$(TARGET_NAME)";
				WRAPPER_EXTENSION = saver;
			};
			name = Debug;
		};
		CD0217471DFBB92800943EAA /* Release */ = {
			isa = XCBuildConfiguration;
			buildSettings = {
				COMBINE_HIDPI_IMAGES = YES;
				DEVELOPMENT_TEAM = 952HXL3PEW;
				INFOPLIST_FILE = Arcs3/Info.plist;
				INSTALL_PATH = "$(HOME)/Library/Screen Savers";
				PRODUCT_BUNDLE_IDENTIFIER = rexfernando.Arcs3;
				PRODUCT_NAME = "$(TARGET_NAME)";
				WRAPPER_EXTENSION = saver;
			};
			name = Release;
		};
/* End XCBuildConfiguration section */

/* Begin XCConfigurationList section */
		CD0217351DFBB92800943EAA /* Build configuration list for PBXProject "Arcs3" */ = {
			isa = XCConfigurationList;
			buildConfigurations = (
				CD0217431DFBB92800943EAA /* Debug */,
				CD0217441DFBB92800943EAA /* Release */,
			);
			defaultConfigurationIsVisible = 0;
			defaultConfigurationName = Release;
		};
		CD0217451DFBB92800943EAA /* Build configuration list for PBXNativeTarget "Arcs3" */ = {
			isa = XCConfigurationList;
			buildConfigurations = (
				CD0217461DFBB92800943EAA /* Debug */,
				CD0217471DFBB92800943EAA /* Release */,
			);
			defaultConfigurationIsVisible = 0;
		};
/* End XCConfigurationList section */
	};
	rootObject = CD0217321DFBB92800943EAA /* Project object */;
}
