// !$*UTF8*$!
{
	archiveVersion = 1;
	classes = {
	};
	objectVersion = 46;
	objects = {

/* Begin PBXBuildFile section */
		B8BB30BE17BEBDC100CAB654 /* Cocoa.framework in Frameworks */ = {isa = PBXBuildFile; fileRef = B8BB30BD17BEBDC100CAB654 /* Cocoa.framework */; };
		B8BB30C017BEBDC100CAB654 /* ScreenSaver.framework in Frameworks */ = {isa = PBXBuildFile; fileRef = B8BB30BF17BEBDC100CAB654 /* ScreenSaver.framework */; };
		B8BB30CA17BEBDC100CAB654 /* InfoPlist.strings in Resources */ = {isa = PBXBuildFile; fileRef = B8BB30C817BEBDC100CAB654 /* InfoPlist.strings */; };
		B8BB30CE17BEBDC100CAB654 /* Arcs2View.m in Sources */ = {isa = PBXBuildFile; fileRef = B8BB30CD17BEBDC100CAB654 /* Arcs2View.m */; };
		B8BB30D617BEBDDA00CAB654 /* ArcAnimation.h in Headers */ = {isa = PBXBuildFile; fileRef = B8BB30D417BEBDDA00CAB654 /* ArcAnimation.h */; };
		B8BB30D717BEBDDA00CAB654 /* ArcAnimation.m in Sources */ = {isa = PBXBuildFile; fileRef = B8BB30D517BEBDDA00CAB654 /* ArcAnimation.m */; };
		B8BB30DB17BEBE8700CAB654 /* ConfigSheet.xib in Resources */ = {isa = PBXBuildFile; fileRef = B8BB30DA17BEBE8700CAB654 /* ConfigSheet.xib */; };
/* End PBXBuildFile section */

/* Begin PBXFileReference section */
		B8BB30BA17BEBDC100CAB654 /* Arcs2.saver */ = {isa = PBXFileReference; explicitFileType = wrapper.cfbundle; includeInIndex = 0; path = Arcs2.saver; sourceTree = BUILT_PRODUCTS_DIR; };
		B8BB30BD17BEBDC100CAB654 /* Cocoa.framework */ = {isa = PBXFileReference; lastKnownFileType = wrapper.framework; name = Cocoa.framework; path = System/Library/Frameworks/Cocoa.framework; sourceTree = SDKROOT; };
		B8BB30BF17BEBDC100CAB654 /* ScreenSaver.framework */ = {isa = PBXFileReference; lastKnownFileType = wrapper.framework; name = ScreenSaver.framework; path = System/Library/Frameworks/ScreenSaver.framework; sourceTree = SDKROOT; };
		B8BB30C217BEBDC100CAB654 /* AppKit.framework */ = {isa = PBXFileReference; lastKnownFileType = wrapper.framework; name = AppKit.framework; path = System/Library/Frameworks/AppKit.framework; sourceTree = SDKROOT; };
		B8BB30C317BEBDC100CAB654 /* CoreData.framework */ = {isa = PBXFileReference; lastKnownFileType = wrapper.framework; name = CoreData.framework; path = System/Library/Frameworks/CoreData.framework; sourceTree = SDKROOT; };
		B8BB30C417BEBDC100CAB654 /* Foundation.framework */ = {isa = PBXFileReference; lastKnownFileType = wrapper.framework; name = Foundation.framework; path = System/Library/Frameworks/Foundation.framework; sourceTree = SDKROOT; };
		B8BB30C717BEBDC100CAB654 /* Arcs2-Info.plist */ = {isa = PBXFileReference; lastKnownFileType = text.plist.xml; path = "Arcs2-Info.plist"; sourceTree = "<group>"; };
		B8BB30C917BEBDC100CAB654 /* en */ = {isa = PBXFileReference; lastKnownFileType = text.plist.strings; name = en; path = en.lproj/InfoPlist.strings; sourceTree = "<group>"; };
		B8BB30CB17BEBDC100CAB654 /* Arcs2-Prefix.pch */ = {isa = PBXFileReference; lastKnownFileType = sourcecode.c.h; path = "Arcs2-Prefix.pch"; sourceTree = "<group>"; };
		B8BB30CC17BEBDC100CAB654 /* Arcs2View.h */ = {isa = PBXFileReference; lastKnownFileType = sourcecode.c.h; path = Arcs2View.h; sourceTree = "<group>"; };
		B8BB30CD17BEBDC100CAB654 /* Arcs2View.m */ = {isa = PBXFileReference; lastKnownFileType = sourcecode.c.objc; path = Arcs2View.m; sourceTree = "<group>"; };
		B8BB30D417BEBDDA00CAB654 /* ArcAnimation.h */ = {isa = PBXFileReference; fileEncoding = 4; lastKnownFileType = sourcecode.c.h; path = ArcAnimation.h; sourceTree = "<group>"; };
		B8BB30D517BEBDDA00CAB654 /* ArcAnimation.m */ = {isa = PBXFileReference; fileEncoding = 4; lastKnownFileType = sourcecode.c.objc; path = ArcAnimation.m; sourceTree = "<group>"; };
		B8BB30DA17BEBE8700CAB654 /* ConfigSheet.xib */ = {isa = PBXFileReference; fileEncoding = 4; lastKnownFileType = file.xib; path = ConfigSheet.xib; sourceTree = "<group>"; };
/* End PBXFileReference section */

/* Begin PBXFrameworksBuildPhase section */
		B8BB30B517BEBDC100CAB654 /* Frameworks */ = {
			isa = PBXFrameworksBuildPhase;
			buildActionMask = 2147483647;
			files = (
				B8BB30BE17BEBDC100CAB654 /* Cocoa.framework in Frameworks */,
				B8BB30C017BEBDC100CAB654 /* ScreenSaver.framework in Frameworks */,
			);
			runOnlyForDeploymentPostprocessing = 0;
		};
/* End PBXFrameworksBuildPhase section */

/* Begin PBXGroup section */
		B8BB30AF17BEBDC100CAB654 = {
			isa = PBXGroup;
			children = (
				B8BB30C517BEBDC100CAB654 /* Arcs2 */,
				B8BB30BC17BEBDC100CAB654 /* Frameworks */,
				B8BB30BB17BEBDC100CAB654 /* Products */,
			);
			sourceTree = "<group>";
		};
		B8BB30BB17BEBDC100CAB654 /* Products */ = {
			isa = PBXGroup;
			children = (
				B8BB30BA17BEBDC100CAB654 /* Arcs2.saver */,
			);
			name = Products;
			sourceTree = "<group>";
		};
		B8BB30BC17BEBDC100CAB654 /* Frameworks */ = {
			isa = PBXGroup;
			children = (
				B8BB30BD17BEBDC100CAB654 /* Cocoa.framework */,
				B8BB30BF17BEBDC100CAB654 /* ScreenSaver.framework */,
				B8BB30C117BEBDC100CAB654 /* Other Frameworks */,
			);
			name = Frameworks;
			sourceTree = "<group>";
		};
		B8BB30C117BEBDC100CAB654 /* Other Frameworks */ = {
			isa = PBXGroup;
			children = (
				B8BB30C217BEBDC100CAB654 /* AppKit.framework */,
				B8BB30C317BEBDC100CAB654 /* CoreData.framework */,
				B8BB30C417BEBDC100CAB654 /* Foundation.framework */,
			);
			name = "Other Frameworks";
			sourceTree = "<group>";
		};
		B8BB30C517BEBDC100CAB654 /* Arcs2 */ = {
			isa = PBXGroup;
			children = (
				B8BB30CC17BEBDC100CAB654 /* Arcs2View.h */,
				B8BB30CD17BEBDC100CAB654 /* Arcs2View.m */,
				B8BB30D417BEBDDA00CAB654 /* ArcAnimation.h */,
				B8BB30D517BEBDDA00CAB654 /* ArcAnimation.m */,
				B8BB30C617BEBDC100CAB654 /* Supporting Files */,
				B8BB30DA17BEBE8700CAB654 /* ConfigSheet.xib */,
			);
			path = Arcs2;
			sourceTree = "<group>";
		};
		B8BB30C617BEBDC100CAB654 /* Supporting Files */ = {
			isa = PBXGroup;
			children = (
				B8BB30C717BEBDC100CAB654 /* Arcs2-Info.plist */,
				B8BB30C817BEBDC100CAB654 /* InfoPlist.strings */,
				B8BB30CB17BEBDC100CAB654 /* Arcs2-Prefix.pch */,
			);
			name = "Supporting Files";
			sourceTree = "<group>";
		};
/* End PBXGroup section */

/* Begin PBXHeadersBuildPhase section */
		B8BB30B617BEBDC100CAB654 /* Headers */ = {
			isa = PBXHeadersBuildPhase;
			buildActionMask = 2147483647;
			files = (
				B8BB30D617BEBDDA00CAB654 /* ArcAnimation.h in Headers */,
			);
			runOnlyForDeploymentPostprocessing = 0;
		};
/* End PBXHeadersBuildPhase section */

/* Begin PBXNativeTarget section */
		B8BB30B917BEBDC100CAB654 /* Arcs2 */ = {
			isa = PBXNativeTarget;
			buildConfigurationList = B8BB30D117BEBDC100CAB654 /* Build configuration list for PBXNativeTarget "Arcs2" */;
			buildPhases = (
				B8BB30B417BEBDC100CAB654 /* Sources */,
				B8BB30B517BEBDC100CAB654 /* Frameworks */,
				B8BB30B617BEBDC100CAB654 /* Headers */,
				B8BB30B717BEBDC100CAB654 /* Resources */,
				B8BB30B817BEBDC100CAB654 /* Rez */,
			);
			buildRules = (
			);
			dependencies = (
			);
			name = Arcs2;
			productName = Arcs2;
			productReference = B8BB30BA17BEBDC100CAB654 /* Arcs2.saver */;
			productType = "com.apple.product-type.bundle";
		};
/* End PBXNativeTarget section */

/* Begin PBXProject section */
		B8BB30B017BEBDC100CAB654 /* Project object */ = {
			isa = PBXProject;
			attributes = {
				LastUpgradeCheck = 0460;
				ORGANIZATIONNAME = "Margie Fernando";
			};
			buildConfigurationList = B8BB30B317BEBDC100CAB654 /* Build configuration list for PBXProject "Arcs2" */;
			compatibilityVersion = "Xcode 3.2";
			developmentRegion = English;
			hasScannedForEncodings = 0;
			knownRegions = (
				en,
			);
			mainGroup = B8BB30AF17BEBDC100CAB654;
			productRefGroup = B8BB30BB17BEBDC100CAB654 /* Products */;
			projectDirPath = "";
			projectRoot = "";
			targets = (
				B8BB30B917BEBDC100CAB654 /* Arcs2 */,
			);
		};
/* End PBXProject section */

/* Begin PBXResourcesBuildPhase section */
		B8BB30B717BEBDC100CAB654 /* Resources */ = {
			isa = PBXResourcesBuildPhase;
			buildActionMask = 2147483647;
			files = (
				B8BB30CA17BEBDC100CAB654 /* InfoPlist.strings in Resources */,
				B8BB30DB17BEBE8700CAB654 /* ConfigSheet.xib in Resources */,
			);
			runOnlyForDeploymentPostprocessing = 0;
		};
/* End PBXResourcesBuildPhase section */

/* Begin PBXRezBuildPhase section */
		B8BB30B817BEBDC100CAB654 /* Rez */ = {
			isa = PBXRezBuildPhase;
			buildActionMask = 2147483647;
			files = (
			);
			runOnlyForDeploymentPostprocessing = 0;
		};
/* End PBXRezBuildPhase section */

/* Begin PBXSourcesBuildPhase section */
		B8BB30B417BEBDC100CAB654 /* Sources */ = {
			isa = PBXSourcesBuildPhase;
			buildActionMask = 2147483647;
			files = (
				B8BB30CE17BEBDC100CAB654 /* Arcs2View.m in Sources */,
				B8BB30D717BEBDDA00CAB654 /* ArcAnimation.m in Sources */,
			);
			runOnlyForDeploymentPostprocessing = 0;
		};
/* End PBXSourcesBuildPhase section */

/* Begin PBXVariantGroup section */
		B8BB30C817BEBDC100CAB654 /* InfoPlist.strings */ = {
			isa = PBXVariantGroup;
			children = (
				B8BB30C917BEBDC100CAB654 /* en */,
			);
			name = InfoPlist.strings;
			sourceTree = "<group>";
		};
/* End PBXVariantGroup section */

/* Begin XCBuildConfiguration section */
		B8BB30CF17BEBDC100CAB654 /* Debug */ = {
			isa = XCBuildConfiguration;
			buildSettings = {
				ALWAYS_SEARCH_USER_PATHS = NO;
				ARCHS = "$(ARCHS_STANDARD_64_BIT)";
				CLANG_CXX_LANGUAGE_STANDARD = "gnu++0x";
				CLANG_CXX_LIBRARY = "libc++";
				CLANG_WARN_CONSTANT_CONVERSION = YES;
				CLANG_WARN_EMPTY_BODY = YES;
				CLANG_WARN_ENUM_CONVERSION = YES;
				CLANG_WARN_INT_CONVERSION = YES;
				CLANG_WARN__DUPLICATE_METHOD_MATCH = YES;
				COPY_PHASE_STRIP = NO;
				GCC_C_LANGUAGE_STANDARD = gnu99;
				GCC_DYNAMIC_NO_PIC = NO;
				GCC_ENABLE_OBJC_EXCEPTIONS = YES;
				GCC_ENABLE_OBJC_GC = supported;
				GCC_OPTIMIZATION_LEVEL = 0;
				GCC_PREPROCESSOR_DEFINITIONS = (
					"DEBUG=1",
					"$(inherited)",
				);
				GCC_SYMBOLS_PRIVATE_EXTERN = NO;
				GCC_WARN_64_TO_32_BIT_CONVERSION = YES;
				GCC_WARN_ABOUT_RETURN_TYPE = YES;
				GCC_WARN_UNINITIALIZED_AUTOS = YES;
				GCC_WARN_UNUSED_VARIABLE = YES;
				MACOSX_DEPLOYMENT_TARGET = 10.7;
				ONLY_ACTIVE_ARCH = YES;
				SDKROOT = macosx;
			};
			name = Debug;
		};
		B8BB30D017BEBDC100CAB654 /* Release */ = {
			isa = XCBuildConfiguration;
			buildSettings = {
				ALWAYS_SEARCH_USER_PATHS = NO;
				ARCHS = "$(ARCHS_STANDARD_64_BIT)";
				CLANG_CXX_LANGUAGE_STANDARD = "gnu++0x";
				CLANG_CXX_LIBRARY = "libc++";
				CLANG_WARN_CONSTANT_CONVERSION = YES;
				CLANG_WARN_EMPTY_BODY = YES;
				CLANG_WARN_ENUM_CONVERSION = YES;
				CLANG_WARN_INT_CONVERSION = YES;
				CLANG_WARN__DUPLICATE_METHOD_MATCH = YES;
				COPY_PHASE_STRIP = YES;
				DEBUG_INFORMATION_FORMAT = "dwarf-with-dsym";
				GCC_C_LANGUAGE_STANDARD = gnu99;
				GCC_ENABLE_OBJC_EXCEPTIONS = YES;
				GCC_ENABLE_OBJC_GC = supported;
				GCC_WARN_64_TO_32_BIT_CONVERSION = YES;
				GCC_WARN_ABOUT_RETURN_TYPE = YES;
				GCC_WARN_UNINITIALIZED_AUTOS = YES;
				GCC_WARN_UNUSED_VARIABLE = YES;
				MACOSX_DEPLOYMENT_TARGET = 10.7;
				SDKROOT = macosx;
			};
			name = Release;
		};
		B8BB30D217BEBDC100CAB654 /* Debug */ = {
			isa = XCBuildConfiguration;
			buildSettings = {
				COMBINE_HIDPI_IMAGES = YES;
				GCC_ENABLE_OBJC_GC = supported;
				GCC_PRECOMPILE_PREFIX_HEADER = YES;
				GCC_PREFIX_HEADER = "Arcs2/Arcs2-Prefix.pch";
				INFOPLIST_FILE = "Arcs2/Arcs2-Info.plist";
				INSTALL_PATH = "$(HOME)/Library/Screen Savers";
				PRODUCT_NAME = "$(TARGET_NAME)";
				WRAPPER_EXTENSION = saver;
			};
			name = Debug;
		};
		B8BB30D317BEBDC100CAB654 /* Release */ = {
			isa = XCBuildConfiguration;
			buildSettings = {
				COMBINE_HIDPI_IMAGES = YES;
				GCC_ENABLE_OBJC_GC = supported;
				GCC_PRECOMPILE_PREFIX_HEADER = YES;
				GCC_PREFIX_HEADER = "Arcs2/Arcs2-Prefix.pch";
				INFOPLIST_FILE = "Arcs2/Arcs2-Info.plist";
				INSTALL_PATH = "$(HOME)/Library/Screen Savers";
				PRODUCT_NAME = "$(TARGET_NAME)";
				WRAPPER_EXTENSION = saver;
			};
			name = Release;
		};
/* End XCBuildConfiguration section */

/* Begin XCConfigurationList section */
		B8BB30B317BEBDC100CAB654 /* Build configuration list for PBXProject "Arcs2" */ = {
			isa = XCConfigurationList;
			buildConfigurations = (
				B8BB30CF17BEBDC100CAB654 /* Debug */,
				B8BB30D017BEBDC100CAB654 /* Release */,
			);
			defaultConfigurationIsVisible = 0;
			defaultConfigurationName = Release;
		};
		B8BB30D117BEBDC100CAB654 /* Build configuration list for PBXNativeTarget "Arcs2" */ = {
			isa = XCConfigurationList;
			buildConfigurations = (
				B8BB30D217BEBDC100CAB654 /* Debug */,
				B8BB30D317BEBDC100CAB654 /* Release */,
			);
			defaultConfigurationIsVisible = 0;
		};
/* End XCConfigurationList section */
	};
	rootObject = B8BB30B017BEBDC100CAB654 /* Project object */;
}
